
Microsoft Visual Studio Solution File, Format Version 12.00
# Visual Studio Version 16
VisualStudioVersion = 16.0.30114.105
MinimumVisualStudioVersion = 10.0.40219.1
Project("{FAE04EC0-301F-11D3-BF4B-00C04F79EFBC}") = "Barnsley fern", "Barnsley fern\Barnsley fern.csproj", "{4DFEB00E-29BA-4E4C-B1EB-F3D7419FB485}"
EndProject
Global
	GlobalSection(SolutionConfigurationPlatforms) = preSolution
		Debug|Any CPU = Debug|Any CPU
		Release|Any CPU = Release|Any CPU
	EndGlobalSection
	GlobalSection(ProjectConfigurationPlatforms) = postSolution
		{4DFEB00E-29BA-4E4C-B1EB-F3D7419FB485}.Debug|Any CPU.ActiveCfg = Debug|Any CPU
		{4DFEB00E-29BA-4E4C-B1EB-F3D7419FB485}.Debug|Any CPU.Build.0 = Debug|Any CPU
		{4DFEB00E-29BA-4E4C-B1EB-F3D7419FB485}.Release|Any CPU.ActiveCfg = Release|Any CPU
		{4DFEB00E-29BA-4E4C-B1EB-F3D7419FB485}.Release|Any CPU.Build.0 = Release|Any CPU
	EndGlobalSection
	GlobalSection(SolutionProperties) = preSolution
		HideSolutionNode = FALSE
	EndGlobalSection
	GlobalSection(ExtensibilityGlobals) = postSolution
		SolutionGuid = {1A50FACB-97F6-4FF3-A37F-5BAD8F5F6B0D}
	EndGlobalSection
EndGlobal
